// !$*UTF8*$!
{
	archiveVersion = 1;
	classes = {
	};
	objectVersion = 56;
	objects = {

/* Begin PBXBuildFile section */
		89CAC8142DB2B39F00910630 /* TicTacToeApp.swift in Sources */ = {isa = PBXBuildFile; fileRef = 89CAC8132DB2B39F00910630 /* TicTacToeApp.swift */; };
		89CAC8162DB2B39F00910630 /* ContentView.swift in Sources */ = {isa = PBXBuildFile; fileRef = 89CAC8152DB2B39F00910630 /* ContentView.swift */; };
		89CAC8182DB2B3A500910630 /* Assets.xcassets in Resources */ = {isa = PBXBuildFile; fileRef = 89CAC8172DB2B3A500910630 /* Assets.xcassets */; };
		89CAC81B2DB2B3A500910630 /* Preview Assets.xcassets in Resources */ = {isa = PBXBuildFile; fileRef = 89CAC81A2DB2B3A500910630 /* Preview Assets.xcassets */; };
		89CAC8222DB2B6A300910630 /* Launch Screen.storyboard in Resources */ = {isa = PBXBuildFile; fileRef = 89CAC8212DB2B6A300910630 /* Launch Screen.storyboard */; };
		89F5FEA62DB2C1F900083E61 /* GameModel.swift in Sources */ = {isa = PBXBuildFile; fileRef = 89F5FEA52DB2C1F900083E61 /* GameModel.swift */; };
		89F5FEA92DB2C91000083E61 /* ViewModifiers.swift in Sources */ = {isa = PBXBuildFile; fileRef = 89F5FEA82DB2C91000083E61 /* ViewModifiers.swift */; };
		89F5FEAC2DB2CCFD00083E61 /* GameView.swift in Sources */ = {isa = PBXBuildFile; fileRef = 89F5FEAB2DB2CCFD00083E61 /* GameView.swift */; };
		89F5FEAE2DB2E50200083E61 /* GameService.swift in Sources */ = {isa = PBXBuildFile; fileRef = 89F5FEAD2DB2E50200083E61 /* GameService.swift */; };
		89F5FEB02DB2F15900083E61 /* GameSquare.swift in Sources */ = {isa = PBXBuildFile; fileRef = 89F5FEAF2DB2F15900083E61 /* GameSquare.swift */; };
		89F5FEB22DB2F3F000083E61 /* SquareView.swift in Sources */ = {isa = PBXBuildFile; fileRef = 89F5FEB12DB2F3F000083E61 /* SquareView.swift */; };
/* End PBXBuildFile section */

/* Begin PBXFileReference section */
		89CAC8102DB2B39F00910630 /* TicTacToe.app */ = {isa = PBXFileReference; explicitFileType = wrapper.application; includeInIndex = 0; path = TicTacToe.app; sourceTree = BUILT_PRODUCTS_DIR; };
		89CAC8132DB2B39F00910630 /* TicTacToeApp.swift */ = {isa = PBXFileReference; lastKnownFileType = sourcecode.swift; path = TicTacToeApp.swift; sourceTree = "<group>"; };
		89CAC8152DB2B39F00910630 /* ContentView.swift */ = {isa = PBXFileReference; lastKnownFileType = sourcecode.swift; path = ContentView.swift; sourceTree = "<group>"; };
		89CAC8172DB2B3A500910630 /* Assets.xcassets */ = {isa = PBXFileReference; lastKnownFileType = folder.assetcatalog; path = Assets.xcassets; sourceTree = "<group>"; };
		89CAC81A2DB2B3A500910630 /* Preview Assets.xcassets */ = {isa = PBXFileReference; lastKnownFileType = folder.assetcatalog; path = "Preview Assets.xcassets"; sourceTree = "<group>"; };
		89CAC8212DB2B6A300910630 /* Launch Screen.storyboard */ = {isa = PBXFileReference; lastKnownFileType = file.storyboard; path = "Launch Screen.storyboard"; sourceTree = "<group>"; };
		89F5FEA52DB2C1F900083E61 /* GameModel.swift */ = {isa = PBXFileReference; lastKnownFileType = sourcecode.swift; path = GameModel.swift; sourceTree = "<group>"; };
		89F5FEA82DB2C91000083E61 /* ViewModifiers.swift */ = {isa = PBXFileReference; lastKnownFileType = sourcecode.swift; path = ViewModifiers.swift; sourceTree = "<group>"; };
		89F5FEAB2DB2CCFD00083E61 /* GameView.swift */ = {isa = PBXFileReference; lastKnownFileType = sourcecode.swift; path = GameView.swift; sourceTree = "<group>"; };
		89F5FEAD2DB2E50200083E61 /* GameService.swift */ = {isa = PBXFileReference; lastKnownFileType = sourcecode.swift; path = GameService.swift; sourceTree = "<group>"; };
		89F5FEAF2DB2F15900083E61 /* GameSquare.swift */ = {isa = PBXFileReference; lastKnownFileType = sourcecode.swift; path = GameSquare.swift; sourceTree = "<group>"; };
		89F5FEB12DB2F3F000083E61 /* SquareView.swift */ = {isa = PBXFileReference; lastKnownFileType = sourcecode.swift; path = SquareView.swift; sourceTree = "<group>"; };
/* End PBXFileReference section */

/* Begin PBXFrameworksBuildPhase section */
		89CAC80D2DB2B39F00910630 /* Frameworks */ = {
			isa = PBXFrameworksBuildPhase;
			buildActionMask = 2147483647;
			files = (
			);
			runOnlyForDeploymentPostprocessing = 0;
		};
/* End PBXFrameworksBuildPhase section */

/* Begin PBXGroup section */
		89CAC8072DB2B39F00910630 = {
			isa = PBXGroup;
			children = (
				89CAC8122DB2B39F00910630 /* TicTacToe */,
				89CAC8112DB2B39F00910630 /* Products */,
			);
			sourceTree = "<group>";
		};
		89CAC8112DB2B39F00910630 /* Products */ = {
			isa = PBXGroup;
			children = (
				89CAC8102DB2B39F00910630 /* TicTacToe.app */,
			);
			name = Products;
			sourceTree = "<group>";
		};
		89CAC8122DB2B39F00910630 /* TicTacToe */ = {
			isa = PBXGroup;
			children = (
				89F5FEAA2DB2CCD100083E61 /* Game Screen */,
				89F5FEA72DB2C8F400083E61 /* Utilities */,
				89F5FEA42DB2C1C200083E61 /* Model */,
				89CAC8212DB2B6A300910630 /* Launch Screen.storyboard */,
				89CAC8132DB2B39F00910630 /* TicTacToeApp.swift */,
				89CAC8152DB2B39F00910630 /* ContentView.swift */,
				89CAC8172DB2B3A500910630 /* Assets.xcassets */,
				89CAC8192DB2B3A500910630 /* Preview Content */,
			);
			path = TicTacToe;
			sourceTree = "<group>";
		};
		89CAC8192DB2B3A500910630 /* Preview Content */ = {
			isa = PBXGroup;
			children = (
				89CAC81A2DB2B3A500910630 /* Preview Assets.xcassets */,
			);
			path = "Preview Content";
			sourceTree = "<group>";
		};
		89F5FEA42DB2C1C200083E61 /* Model */ = {
			isa = PBXGroup;
			children = (
				89F5FEA52DB2C1F900083E61 /* GameModel.swift */,
			);
			path = Model;
			sourceTree = "<group>";
		};
		89F5FEA72DB2C8F400083E61 /* Utilities */ = {
			isa = PBXGroup;
			children = (
				89F5FEA82DB2C91000083E61 /* ViewModifiers.swift */,
			);
			path = Utilities;
			sourceTree = "<group>";
		};
		89F5FEAA2DB2CCD100083E61 /* Game Screen */ = {
			isa = PBXGroup;
			children = (
				89F5FEAB2DB2CCFD00083E61 /* GameView.swift */,
				89F5FEAD2DB2E50200083E61 /* GameService.swift */,
				89F5FEAF2DB2F15900083E61 /* GameSquare.swift */,
				89F5FEB12DB2F3F000083E61 /* SquareView.swift */,
			);
			path = "Game Screen";
			sourceTree = "<group>";
		};
/* End PBXGroup section */

/* Begin PBXNativeTarget section */
		89CAC80F2DB2B39F00910630 /* TicTacToe */ = {
			isa = PBXNativeTarget;
			buildConfigurationList = 89CAC81E2DB2B3A500910630 /* Build configuration list for PBXNativeTarget "TicTacToe" */;
			buildPhases = (
				89CAC80C2DB2B39F00910630 /* Sources */,
				89CAC80D2DB2B39F00910630 /* Frameworks */,
				89CAC80E2DB2B39F00910630 /* Resources */,
			);
			buildRules = (
			);
			dependencies = (
			);
			name = TicTacToe;
			productName = TicTacToe;
			productReference = 89CAC8102DB2B39F00910630 /* TicTacToe.app */;
			productType = "com.apple.product-type.application";
		};
/* End PBXNativeTarget section */

/* Begin PBXProject section */
		89CAC8082DB2B39F00910630 /* Project object */ = {
			isa = PBXProject;
			attributes = {
				BuildIndependentTargetsInParallel = 1;
				LastSwiftUpdateCheck = 1420;
				LastUpgradeCheck = 1420;
				TargetAttributes = {
					89CAC80F2DB2B39F00910630 = {
						CreatedOnToolsVersion = 14.2;
					};
				};
			};
			buildConfigurationList = 89CAC80B2DB2B39F00910630 /* Build configuration list for PBXProject "TicTacToe" */;
			compatibilityVersion = "Xcode 14.0";
			developmentRegion = en;
			hasScannedForEncodings = 0;
			knownRegions = (
				en,
				Base,
			);
			mainGroup = 89CAC8072DB2B39F00910630;
			productRefGroup = 89CAC8112DB2B39F00910630 /* Products */;
			projectDirPath = "";
			projectRoot = "";
			targets = (
				89CAC80F2DB2B39F00910630 /* TicTacToe */,
			);
		};
/* End PBXProject section */

/* Begin PBXResourcesBuildPhase section */
		89CAC80E2DB2B39F00910630 /* Resources */ = {
			isa = PBXResourcesBuildPhase;
			buildActionMask = 2147483647;
			files = (
				89CAC8222DB2B6A300910630 /* Launch Screen.storyboard in Resources */,
				89CAC81B2DB2B3A500910630 /* Preview Assets.xcassets in Resources */,
				89CAC8182DB2B3A500910630 /* Assets.xcassets in Resources */,
			);
			runOnlyForDeploymentPostprocessing = 0;
		};
/* End PBXResourcesBuildPhase section */

/* Begin PBXSourcesBuildPhase section */
		89CAC80C2DB2B39F00910630 /* Sources */ = {
			isa = PBXSourcesBuildPhase;
			buildActionMask = 2147483647;
			files = (
				89CAC8162DB2B39F00910630 /* ContentView.swift in Sources */,
				89CAC8142DB2B39F00910630 /* TicTacToeApp.swift in Sources */,
				89F5FEA62DB2C1F900083E61 /* GameModel.swift in Sources */,
				89F5FEAE2DB2E50200083E61 /* GameService.swift in Sources */,
				89F5FEA92DB2C91000083E61 /* ViewModifiers.swift in Sources */,
				89F5FEAC2DB2CCFD00083E61 /* GameView.swift in Sources */,
				89F5FEB02DB2F15900083E61 /* GameSquare.swift in Sources */,
				89F5FEB22DB2F3F000083E61 /* SquareView.swift in Sources */,
			);
			runOnlyForDeploymentPostprocessing = 0;
		};
/* End PBXSourcesBuildPhase section */

/* Begin XCBuildConfiguration section */
		89CAC81C2DB2B3A500910630 /* Debug */ = {
			isa = XCBuildConfiguration;
			buildSettings = {
				ALWAYS_SEARCH_USER_PATHS = NO;
				CLANG_ANALYZER_NONNULL = YES;
				CLANG_ANALYZER_NUMBER_OBJECT_CONVERSION = YES_AGGRESSIVE;
				CLANG_CXX_LANGUAGE_STANDARD = "gnu++20";
				CLANG_ENABLE_MODULES = YES;
				CLANG_ENABLE_OBJC_ARC = YES;
				CLANG_ENABLE_OBJC_WEAK = YES;
				CLANG_WARN_BLOCK_CAPTURE_AUTORELEASING = YES;
				CLANG_WARN_BOOL_CONVERSION = YES;
				CLANG_WARN_COMMA = YES;
				CLANG_WARN_CONSTANT_CONVERSION = YES;
				CLANG_WARN_DEPRECATED_OBJC_IMPLEMENTATIONS = YES;
				CLANG_WARN_DIRECT_OBJC_ISA_USAGE = YES_ERROR;
				CLANG_WARN_DOCUMENTATION_COMMENTS = YES;
				CLANG_WARN_EMPTY_BODY = YES;
				CLANG_WARN_ENUM_CONVERSION = YES;
				CLANG_WARN_INFINITE_RECURSION = YES;
				CLANG_WARN_INT_CONVERSION = YES;
				CLANG_WARN_NON_LITERAL_NULL_CONVERSION = YES;
				CLANG_WARN_OBJC_IMPLICIT_RETAIN_SELF = YES;
				CLANG_WARN_OBJC_LITERAL_CONVERSION = YES;
				CLANG_WARN_OBJC_ROOT_CLASS = YES_ERROR;
				CLANG_WARN_QUOTED_INCLUDE_IN_FRAMEWORK_HEADER = YES;
				CLANG_WARN_RANGE_LOOP_ANALYSIS = YES;
				CLANG_WARN_STRICT_PROTOTYPES = YES;
				CLANG_WARN_SUSPICIOUS_MOVE = YES;
				CLANG_WARN_UNGUARDED_AVAILABILITY = YES_AGGRESSIVE;
				CLANG_WARN_UNREACHABLE_CODE = YES;
				CLANG_WARN__DUPLICATE_METHOD_MATCH = YES;
				COPY_PHASE_STRIP = NO;
				DEBUG_INFORMATION_FORMAT = dwarf;
				ENABLE_STRICT_OBJC_MSGSEND = YES;
				ENABLE_TESTABILITY = YES;
				GCC_C_LANGUAGE_STANDARD = gnu11;
				GCC_DYNAMIC_NO_PIC = NO;
				GCC_NO_COMMON_BLOCKS = YES;
				GCC_OPTIMIZATION_LEVEL = 0;
				GCC_PREPROCESSOR_DEFINITIONS = (
					"DEBUG=1",
					"$(inherited)",
				);
				GCC_WARN_64_TO_32_BIT_CONVERSION = YES;
				GCC_WARN_ABOUT_RETURN_TYPE = YES_ERROR;
				GCC_WARN_UNDECLARED_SELECTOR = YES;
				GCC_WARN_UNINITIALIZED_AUTOS = YES_AGGRESSIVE;
				GCC_WARN_UNUSED_FUNCTION = YES;
				GCC_WARN_UNUSED_VARIABLE = YES;
				IPHONEOS_DEPLOYMENT_TARGET = 16.2;
				MTL_ENABLE_DEBUG_INFO = INCLUDE_SOURCE;
				MTL_FAST_MATH = YES;
				ONLY_ACTIVE_ARCH = YES;
				SDKROOT = iphoneos;
				SWIFT_ACTIVE_COMPILATION_CONDITIONS = DEBUG;
				SWIFT_OPTIMIZATION_LEVEL = "-Onone";
			};
			name = Debug;
		};
		89CAC81D2DB2B3A500910630 /* Release */ = {
			isa = XCBuildConfiguration;
			buildSettings = {
				ALWAYS_SEARCH_USER_PATHS = NO;
				CLANG_ANALYZER_NONNULL = YES;
				CLANG_ANALYZER_NUMBER_OBJECT_CONVERSION = YES_AGGRESSIVE;
				CLANG_CXX_LANGUAGE_STANDARD = "gnu++20";
				CLANG_ENABLE_MODULES = YES;
				CLANG_ENABLE_OBJC_ARC = YES;
				CLANG_ENABLE_OBJC_WEAK = YES;
				CLANG_WARN_BLOCK_CAPTURE_AUTORELEASING = YES;
				CLANG_WARN_BOOL_CONVERSION = YES;
				CLANG_WARN_COMMA = YES;
				CLANG_WARN_CONSTANT_CONVERSION = YES;
				CLANG_WARN_DEPRECATED_OBJC_IMPLEMENTATIONS = YES;
				CLANG_WARN_DIRECT_OBJC_ISA_USAGE = YES_ERROR;
				CLANG_WARN_DOCUMENTATION_COMMENTS = YES;
				CLANG_WARN_EMPTY_BODY = YES;
				CLANG_WARN_ENUM_CONVERSION = YES;
				CLANG_WARN_INFINITE_RECURSION = YES;
				CLANG_WARN_INT_CONVERSION = YES;
				CLANG_WARN_NON_LITERAL_NULL_CONVERSION = YES;
				CLANG_WARN_OBJC_IMPLICIT_RETAIN_SELF = YES;
				CLANG_WARN_OBJC_LITERAL_CONVERSION = YES;
				CLANG_WARN_OBJC_ROOT_CLASS = YES_ERROR;
				CLANG_WARN_QUOTED_INCLUDE_IN_FRAMEWORK_HEADER = YES;
				CLANG_WARN_RANGE_LOOP_ANALYSIS = YES;
				CLANG_WARN_STRICT_PROTOTYPES = YES;
				CLANG_WARN_SUSPICIOUS_MOVE = YES;
				CLANG_WARN_UNGUARDED_AVAILABILITY = YES_AGGRESSIVE;
				CLANG_WARN_UNREACHABLE_CODE = YES;
				CLANG_WARN__DUPLICATE_METHOD_MATCH = YES;
				COPY_PHASE_STRIP = NO;
				DEBUG_INFORMATION_FORMAT = "dwarf-with-dsym";
				ENABLE_NS_ASSERTIONS = NO;
				ENABLE_STRICT_OBJC_MSGSEND = YES;
				GCC_C_LANGUAGE_STANDARD = gnu11;
				GCC_NO_COMMON_BLOCKS = YES;
				GCC_WARN_64_TO_32_BIT_CONVERSION = YES;
				GCC_WARN_ABOUT_RETURN_TYPE = YES_ERROR;
				GCC_WARN_UNDECLARED_SELECTOR = YES;
				GCC_WARN_UNINITIALIZED_AUTOS = YES_AGGRESSIVE;
				GCC_WARN_UNUSED_FUNCTION = YES;
				GCC_WARN_UNUSED_VARIABLE = YES;
				IPHONEOS_DEPLOYMENT_TARGET = 16.2;
				MTL_ENABLE_DEBUG_INFO = NO;
				MTL_FAST_MATH = YES;
				SDKROOT = iphoneos;
				SWIFT_COMPILATION_MODE = wholemodule;
				SWIFT_OPTIMIZATION_LEVEL = "-O";
				VALIDATE_PRODUCT = YES;
			};
			name = Release;
		};
		89CAC81F2DB2B3A500910630 /* Debug */ = {
			isa = XCBuildConfiguration;
			buildSettings = {
				ASSETCATALOG_COMPILER_APPICON_NAME = AppIcon;
				ASSETCATALOG_COMPILER_GLOBAL_ACCENT_COLOR_NAME = AccentColor;
				CODE_SIGN_STYLE = Automatic;
				CURRENT_PROJECT_VERSION = 1;
				DEVELOPMENT_ASSET_PATHS = "\"TicTacToe/Preview Content\"";
				DEVELOPMENT_TEAM = 7UG52N24BT;
				ENABLE_PREVIEWS = YES;
				GENERATE_INFOPLIST_FILE = YES;
				INFOPLIST_KEY_UIApplicationSceneManifest_Generation = YES;
				INFOPLIST_KEY_UIApplicationSupportsIndirectInputEvents = YES;
				INFOPLIST_KEY_UILaunchScreen_Generation = YES;
				INFOPLIST_KEY_UILaunchStoryboardName = "Launch Screen.storyboard";
				INFOPLIST_KEY_UISupportedInterfaceOrientations = UIInterfaceOrientationPortrait;
				IPHONEOS_DEPLOYMENT_TARGET = 15.0;
				LD_RUNPATH_SEARCH_PATHS = (
					"$(inherited)",
					"@executable_path/Frameworks",
				);
				MARKETING_VERSION = 1.0;
				PRODUCT_BUNDLE_IDENTIFIER = com.iTelleria.TicTacToe;
				PRODUCT_NAME = "$(TARGET_NAME)";
				SWIFT_EMIT_LOC_STRINGS = YES;
				SWIFT_VERSION = 5.0;
				TARGETED_DEVICE_FAMILY = "1,2";
			};
			name = Debug;
		};
		89CAC8202DB2B3A500910630 /* Release */ = {
			isa = XCBuildConfiguration;
			buildSettings = {
				ASSETCATALOG_COMPILER_APPICON_NAME = AppIcon;
				ASSETCATALOG_COMPILER_GLOBAL_ACCENT_COLOR_NAME = AccentColor;
				CODE_SIGN_STYLE = Automatic;
				CURRENT_PROJECT_VERSION = 1;
				DEVELOPMENT_ASSET_PATHS = "\"TicTacToe/Preview Content\"";
				DEVELOPMENT_TEAM = 7UG52N24BT;
				ENABLE_PREVIEWS = YES;
				GENERATE_INFOPLIST_FILE = YES;
				INFOPLIST_KEY_UIApplicationSceneManifest_Generation = YES;
				INFOPLIST_KEY_UIApplicationSupportsIndirectInputEvents = YES;
				INFOPLIST_KEY_UILaunchScreen_Generation = YES;
				INFOPLIST_KEY_UILaunchStoryboardName = "Launch Screen.storyboard";
				INFOPLIST_KEY_UISupportedInterfaceOrientations = UIInterfaceOrientationPortrait;
				IPHONEOS_DEPLOYMENT_TARGET = 15.0;
				LD_RUNPATH_SEARCH_PATHS = (
					"$(inherited)",
					"@executable_path/Frameworks",
				);
				MARKETING_VERSION = 1.0;
				PRODUCT_BUNDLE_IDENTIFIER = com.iTelleria.TicTacToe;
				PRODUCT_NAME = "$(TARGET_NAME)";
				SWIFT_EMIT_LOC_STRINGS = YES;
				SWIFT_VERSION = 5.0;
				TARGETED_DEVICE_FAMILY = "1,2";
			};
			name = Release;
		};
/* End XCBuildConfiguration section */

/* Begin XCConfigurationList section */
		89CAC80B2DB2B39F00910630 /* Build configuration list for PBXProject "TicTacToe" */ = {
			isa = XCConfigurationList;
			buildConfigurations = (
				89CAC81C2DB2B3A500910630 /* Debug */,
				89CAC81D2DB2B3A500910630 /* Release */,
			);
			defaultConfigurationIsVisible = 0;
			defaultConfigurationName = Release;
		};
		89CAC81E2DB2B3A500910630 /* Build configuration list for PBXNativeTarget "TicTacToe" */ = {
			isa = XCConfigurationList;
			buildConfigurations = (
				89CAC81F2DB2B3A500910630 /* Debug */,
				89CAC8202DB2B3A500910630 /* Release */,
			);
			defaultConfigurationIsVisible = 0;
			defaultConfigurationName = Release;
		};
/* End XCConfigurationList section */
	};
	rootObject = 89CAC8082DB2B39F00910630 /* Project object */;
}
